PODS:
  - Formatter (1.0.0)
  - FormTextField (1.0.1):
    - Formatter (~> 1.0.0)
    - InputValidator (~> 1.0.2)
  - GoogleMaps (2.2.0):
    - GoogleMaps/Maps (= 2.2.0)
  - GoogleMaps/Base (2.2.0)
  - GoogleMaps/Maps (2.2.0):
    - GoogleMaps/Base
  - GooglePlaces (2.2.0):
    - GoogleMaps/Base (= 2.2.0)
  - InputValidator (1.0.2):
    - Validation (~> 1.0.2)
  - LFSideViewController (2.0.0)
  - SideMenuController (0.2.4)
  - Validation (1.0.2)

DEPENDENCIES:
  - FormTextField
  - GoogleMaps
  - GooglePlaces
  - LFSideViewController (~> 2.0.0)
  - SideMenuController

SPEC CHECKSUMS:
  Formatter: 81601aa8bcbbac4cc18f1665913b691930a99470
  FormTextField: 8adfedccc57a528a926670c4c940ab13becb5858
  GoogleMaps: 104c418d61ab8a05dff06ed0784c25ea9d37da45
  GooglePlaces: bca867d5e9da15384c794b945e4226848bc6e9d9
  InputValidator: c0ebf4220293ab2be61af9b624d65bdd7b1b85f0
  LFSideViewController: 35c31bb53735f809180518beab09c9e6dc377a77
  SideMenuController: b463d2b3aa58e2afe57f57a07938fa9a647894ca
  Validation: 76e9cb543542ebc7ebc0aedb7a8a26c29082eaa5

PODFILE CHECKSUM: 61bdcf0b5479bcd4c91f6a42440f4ee22b19de76

COCOAPODS: 1.2.1
